// !$*UTF8*$!
{
	archiveVersion = 1;
	classes = {
	};
	objectVersion = 50;
	objects = {

/* Begin PBXBuildFile section */
		95D8C9F125174C2000B7097B /* AppDelegate.swift in Sources */ = {isa = PBXBuildFile; fileRef = 95D8C9F025174C2000B7097B /* AppDelegate.swift */; };
		95D8C9F325174C2000B7097B /* SceneDelegate.swift in Sources */ = {isa = PBXBuildFile; fileRef = 95D8C9F225174C2000B7097B /* SceneDelegate.swift */; };
		95D8C9F525174C2000B7097B /* ViewController.swift in Sources */ = {isa = PBXBuildFile; fileRef = 95D8C9F425174C2000B7097B /* ViewController.swift */; };
		95D8C9F825174C2000B7097B /* Main.storyboard in Resources */ = {isa = PBXBuildFile; fileRef = 95D8C9F625174C2000B7097B /* Main.storyboard */; };
		95D8C9FA25174C2100B7097B /* Assets.xcassets in Resources */ = {isa = PBXBuildFile; fileRef = 95D8C9F925174C2100B7097B /* Assets.xcassets */; };
		95D8C9FD25174C2100B7097B /* LaunchScreen.storyboard in Resources */ = {isa = PBXBuildFile; fileRef = 95D8C9FB25174C2100B7097B /* LaunchScreen.storyboard */; };
		95D8CA05251755B900B7097B /* GestureViewController.swift in Sources */ = {isa = PBXBuildFile; fileRef = 95D8CA04251755B900B7097B /* GestureViewController.swift */; };
		95D8CA072517587600B7097B /* AnimationViewController.swift in Sources */ = {isa = PBXBuildFile; fileRef = 95D8CA062517587600B7097B /* AnimationViewController.swift */; };
/* End PBXBuildFile section */

/* Begin PBXFileReference section */
		95D8C9ED25174C2000B7097B /* AnnSample.app */ = {isa = PBXFileReference; explicitFileType = wrapper.application; includeInIndex = 0; path = AnnSample.app; sourceTree = BUILT_PRODUCTS_DIR; };
		95D8C9F025174C2000B7097B /* AppDelegate.swift */ = {isa = PBXFileReference; lastKnownFileType = sourcecode.swift; path = AppDelegate.swift; sourceTree = "<group>"; };
		95D8C9F225174C2000B7097B /* SceneDelegate.swift */ = {isa = PBXFileReference; lastKnownFileType = sourcecode.swift; path = SceneDelegate.swift; sourceTree = "<group>"; };
		95D8C9F425174C2000B7097B /* ViewController.swift */ = {isa = PBXFileReference; lastKnownFileType = sourcecode.swift; path = ViewController.swift; sourceTree = "<group>"; };
		95D8C9F725174C2000B7097B /* Base */ = {isa = PBXFileReference; lastKnownFileType = file.storyboard; name = Base; path = Base.lproj/Main.storyboard; sourceTree = "<group>"; };
		95D8C9F925174C2100B7097B /* Assets.xcassets */ = {isa = PBXFileReference; lastKnownFileType = folder.assetcatalog; path = Assets.xcassets; sourceTree = "<group>"; };
		95D8C9FC25174C2100B7097B /* Base */ = {isa = PBXFileReference; lastKnownFileType = file.storyboard; name = Base; path = Base.lproj/LaunchScreen.storyboard; sourceTree = "<group>"; };
		95D8C9FE25174C2100B7097B /* Info.plist */ = {isa = PBXFileReference; lastKnownFileType = text.plist.xml; path = Info.plist; sourceTree = "<group>"; };
		95D8CA04251755B900B7097B /* GestureViewController.swift */ = {isa = PBXFileReference; lastKnownFileType = sourcecode.swift; path = GestureViewController.swift; sourceTree = "<group>"; };
		95D8CA062517587600B7097B /* AnimationViewController.swift */ = {isa = PBXFileReference; lastKnownFileType = sourcecode.swift; path = AnimationViewController.swift; sourceTree = "<group>"; };
/* End PBXFileReference section */

/* Begin PBXFrameworksBuildPhase section */
		95D8C9EA25174C1F00B7097B /* Frameworks */ = {
			isa = PBXFrameworksBuildPhase;
			buildActionMask = 2147483647;
			files = (
			);
			runOnlyForDeploymentPostprocessing = 0;
		};
/* End PBXFrameworksBuildPhase section */

/* Begin PBXGroup section */
		95D8C9E425174C1F00B7097B = {
			isa = PBXGroup;
			children = (
				95D8C9EF25174C2000B7097B /* AnnSample */,
				95D8C9EE25174C2000B7097B /* Products */,
			);
			sourceTree = "<group>";
		};
		95D8C9EE25174C2000B7097B /* Products */ = {
			isa = PBXGroup;
			children = (
				95D8C9ED25174C2000B7097B /* AnnSample.app */,
			);
			name = Products;
			sourceTree = "<group>";
		};
		95D8C9EF25174C2000B7097B /* AnnSample */ = {
			isa = PBXGroup;
			children = (
				95D8C9F025174C2000B7097B /* AppDelegate.swift */,
				95D8C9F225174C2000B7097B /* SceneDelegate.swift */,
				95D8C9F425174C2000B7097B /* ViewController.swift */,
				95D8CA04251755B900B7097B /* GestureViewController.swift */,
				95D8CA062517587600B7097B /* AnimationViewController.swift */,
				95D8C9F625174C2000B7097B /* Main.storyboard */,
				95D8C9F925174C2100B7097B /* Assets.xcassets */,
				95D8C9FB25174C2100B7097B /* LaunchScreen.storyboard */,
				95D8C9FE25174C2100B7097B /* Info.plist */,
			);
			path = AnnSample;
			sourceTree = "<group>";
		};
/* End PBXGroup section */

/* Begin PBXNativeTarget section */
		95D8C9EC25174C1F00B7097B /* AnnSample */ = {
			isa = PBXNativeTarget;
			buildConfigurationList = 95D8CA0125174C2100B7097B /* Build configuration list for PBXNativeTarget "AnnSample" */;
			buildPhases = (
				95D8C9E925174C1F00B7097B /* Sources */,
				95D8C9EA25174C1F00B7097B /* Frameworks */,
				95D8C9EB25174C1F00B7097B /* Resources */,
			);
			buildRules = (
			);
			dependencies = (
			);
			name = AnnSample;
			productName = AnnSample;
			productReference = 95D8C9ED25174C2000B7097B /* AnnSample.app */;
			productType = "com.apple.product-type.application";
		};
/* End PBXNativeTarget section */

/* Begin PBXProject section */
		95D8C9E525174C1F00B7097B /* Project object */ = {
			isa = PBXProject;
			attributes = {
				LastSwiftUpdateCheck = 1130;
				LastUpgradeCheck = 1130;
				ORGANIZATIONNAME = Ann;
				TargetAttributes = {
					95D8C9EC25174C1F00B7097B = {
						CreatedOnToolsVersion = 11.3.1;
					};
				};
			};
			buildConfigurationList = 95D8C9E825174C1F00B7097B /* Build configuration list for PBXProject "AnnSample" */;
			compatibilityVersion = "Xcode 9.3";
			developmentRegion = en;
			hasScannedForEncodings = 0;
			knownRegions = (
				en,
				Base,
			);
			mainGroup = 95D8C9E425174C1F00B7097B;
			productRefGroup = 95D8C9EE25174C2000B7097B /* Products */;
			projectDirPath = "";
			projectRoot = "";
			targets = (
				95D8C9EC25174C1F00B7097B /* AnnSample */,
			);
		};
/* End PBXProject section */

/* Begin PBXResourcesBuildPhase section */
		95D8C9EB25174C1F00B7097B /* Resources */ = {
			isa = PBXResourcesBuildPhase;
			buildActionMask = 2147483647;
			files = (
				95D8C9FD25174C2100B7097B /* LaunchScreen.storyboard in Resources */,
				95D8C9FA25174C2100B7097B /* Assets.xcassets in Resources */,
				95D8C9F825174C2000B7097B /* Main.storyboard in Resources */,
			);
			runOnlyForDeploymentPostprocessing = 0;
		};
/* End PBXResourcesBuildPhase section */

/* Begin PBXSourcesBuildPhase section */
		95D8C9E925174C1F00B7097B /* Sources */ = {
			isa = PBXSourcesBuildPhase;
			buildActionMask = 2147483647;
			files = (
				95D8CA05251755B900B7097B /* GestureViewController.swift in Sources */,
				95D8C9F525174C2000B7097B /* ViewController.swift in Sources */,
				95D8CA072517587600B7097B /* AnimationViewController.swift in Sources */,
				95D8C9F125174C2000B7097B /* AppDelegate.swift in Sources */,
				95D8C9F325174C2000B7097B /* SceneDelegate.swift in Sources */,
			);
			runOnlyForDeploymentPostprocessing = 0;
		};
/* End PBXSourcesBuildPhase section */

/* Begin PBXVariantGroup section */
		95D8C9F625174C2000B7097B /* Main.storyboard */ = {
			isa = PBXVariantGroup;
			children = (
				95D8C9F725174C2000B7097B /* Base */,
			);
			name = Main.storyboard;
			sourceTree = "<group>";
		};
		95D8C9FB25174C2100B7097B /* LaunchScreen.storyboard */ = {
			isa = PBXVariantGroup;
			children = (
				95D8C9FC25174C2100B7097B /* Base */,
			);
			name = LaunchScreen.storyboard;
			sourceTree = "<group>";
		};
/* End PBXVariantGroup section */

/* Begin XCBuildConfiguration section */
		95D8C9FF25174C2100B7097B /* Debug */ = {
			isa = XCBuildConfiguration;
			buildSettings = {
				ALWAYS_SEARCH_USER_PATHS = NO;
				CLANG_ANALYZER_NONNULL = YES;
				CLANG_ANALYZER_NUMBER_OBJECT_CONVERSION = YES_AGGRESSIVE;
				CLANG_CXX_LANGUAGE_STANDARD = "gnu++14";
				CLANG_CXX_LIBRARY = "libc++";
				CLANG_ENABLE_MODULES = YES;
				CLANG_ENABLE_OBJC_ARC = YES;
				CLANG_ENABLE_OBJC_WEAK = YES;
				CLANG_WARN_BLOCK_CAPTURE_AUTORELEASING = YES;
				CLANG_WARN_BOOL_CONVERSION = YES;
				CLANG_WARN_COMMA = YES;
				CLANG_WARN_CONSTANT_CONVERSION = YES;
				CLANG_WARN_DEPRECATED_OBJC_IMPLEMENTATIONS = YES;
				CLANG_WARN_DIRECT_OBJC_ISA_USAGE = YES_ERROR;
				CLANG_WARN_DOCUMENTATION_COMMENTS = YES;
				CLANG_WARN_EMPTY_BODY = YES;
				CLANG_WARN_ENUM_CONVERSION = YES;
				CLANG_WARN_INFINITE_RECURSION = YES;
				CLANG_WARN_INT_CONVERSION = YES;
				CLANG_WARN_NON_LITERAL_NULL_CONVERSION = YES;
				CLANG_WARN_OBJC_IMPLICIT_RETAIN_SELF = YES;
				CLANG_WARN_OBJC_LITERAL_CONVERSION = YES;
				CLANG_WARN_OBJC_ROOT_CLASS = YES_ERROR;
				CLANG_WARN_RANGE_LOOP_ANALYSIS = YES;
				CLANG_WARN_STRICT_PROTOTYPES = YES;
				CLANG_WARN_SUSPICIOUS_MOVE = YES;
				CLANG_WARN_UNGUARDED_AVAILABILITY = YES_AGGRESSIVE;
				CLANG_WARN_UNREACHABLE_CODE = YES;
				CLANG_WARN__DUPLICATE_METHOD_MATCH = YES;
				COPY_PHASE_STRIP = NO;
				DEBUG_INFORMATION_FORMAT = dwarf;
				ENABLE_STRICT_OBJC_MSGSEND = YES;
				ENABLE_TESTABILITY = YES;
				GCC_C_LANGUAGE_STANDARD = gnu11;
				GCC_DYNAMIC_NO_PIC = NO;
				GCC_NO_COMMON_BLOCKS = YES;
				GCC_OPTIMIZATION_LEVEL = 0;
				GCC_PREPROCESSOR_DEFINITIONS = (
					"DEBUG=1",
					"$(inherited)",
				);
				GCC_WARN_64_TO_32_BIT_CONVERSION = YES;
				GCC_WARN_ABOUT_RETURN_TYPE = YES_ERROR;
				GCC_WARN_UNDECLARED_SELECTOR = YES;
				GCC_WARN_UNINITIALIZED_AUTOS = YES_AGGRESSIVE;
				GCC_WARN_UNUSED_FUNCTION = YES;
				GCC_WARN_UNUSED_VARIABLE = YES;
				IPHONEOS_DEPLOYMENT_TARGET = 13.2;
				MTL_ENABLE_DEBUG_INFO = INCLUDE_SOURCE;
				MTL_FAST_MATH = YES;
				ONLY_ACTIVE_ARCH = YES;
				SDKROOT = iphoneos;
				SWIFT_ACTIVE_COMPILATION_CONDITIONS = DEBUG;
				SWIFT_OPTIMIZATION_LEVEL = "-Onone";
			};
			name = Debug;
		};
		95D8CA0025174C2100B7097B /* Release */ = {
			isa = XCBuildConfiguration;
			buildSettings = {
				ALWAYS_SEARCH_USER_PATHS = NO;
				CLANG_ANALYZER_NONNULL = YES;
				CLANG_ANALYZER_NUMBER_OBJECT_CONVERSION = YES_AGGRESSIVE;
				CLANG_CXX_LANGUAGE_STANDARD = "gnu++14";
				CLANG_CXX_LIBRARY = "libc++";
				CLANG_ENABLE_MODULES = YES;
				CLANG_ENABLE_OBJC_ARC = YES;
				CLANG_ENABLE_OBJC_WEAK = YES;
				CLANG_WARN_BLOCK_CAPTURE_AUTORELEASING = YES;
				CLANG_WARN_BOOL_CONVERSION = YES;
				CLANG_WARN_COMMA = YES;
				CLANG_WARN_CONSTANT_CONVERSION = YES;
				CLANG_WARN_DEPRECATED_OBJC_IMPLEMENTATIONS = YES;
				CLANG_WARN_DIRECT_OBJC_ISA_USAGE = YES_ERROR;
				CLANG_WARN_DOCUMENTATION_COMMENTS = YES;
				CLANG_WARN_EMPTY_BODY = YES;
				CLANG_WARN_ENUM_CONVERSION = YES;
				CLANG_WARN_INFINITE_RECURSION = YES;
				CLANG_WARN_INT_CONVERSION = YES;
				CLANG_WARN_NON_LITERAL_NULL_CONVERSION = YES;
				CLANG_WARN_OBJC_IMPLICIT_RETAIN_SELF = YES;
				CLANG_WARN_OBJC_LITERAL_CONVERSION = YES;
				CLANG_WARN_OBJC_ROOT_CLASS = YES_ERROR;
				CLANG_WARN_RANGE_LOOP_ANALYSIS = YES;
				CLANG_WARN_STRICT_PROTOTYPES = YES;
				CLANG_WARN_SUSPICIOUS_MOVE = YES;
				CLANG_WARN_UNGUARDED_AVAILABILITY = YES_AGGRESSIVE;
				CLANG_WARN_UNREACHABLE_CODE = YES;
				CLANG_WARN__DUPLICATE_METHOD_MATCH = YES;
				COPY_PHASE_STRIP = NO;
				DEBUG_INFORMATION_FORMAT = "dwarf-with-dsym";
				ENABLE_NS_ASSERTIONS = NO;
				ENABLE_STRICT_OBJC_MSGSEND = YES;
				GCC_C_LANGUAGE_STANDARD = gnu11;
				GCC_NO_COMMON_BLOCKS = YES;
				GCC_WARN_64_TO_32_BIT_CONVERSION = YES;
				GCC_WARN_ABOUT_RETURN_TYPE = YES_ERROR;
				GCC_WARN_UNDECLARED_SELECTOR = YES;
				GCC_WARN_UNINITIALIZED_AUTOS = YES_AGGRESSIVE;
				GCC_WARN_UNUSED_FUNCTION = YES;
				GCC_WARN_UNUSED_VARIABLE = YES;
				IPHONEOS_DEPLOYMENT_TARGET = 13.2;
				MTL_ENABLE_DEBUG_INFO = NO;
				MTL_FAST_MATH = YES;
				SDKROOT = iphoneos;
				SWIFT_COMPILATION_MODE = wholemodule;
				SWIFT_OPTIMIZATION_LEVEL = "-O";
				VALIDATE_PRODUCT = YES;
			};
			name = Release;
		};
		95D8CA0225174C2100B7097B /* Debug */ = {
			isa = XCBuildConfiguration;
			buildSettings = {
				ASSETCATALOG_COMPILER_APPICON_NAME = AppIcon;
				CODE_SIGN_STYLE = Automatic;
				DEVELOPMENT_TEAM = 52W935AVL3;
				INFOPLIST_FILE = AnnSample/Info.plist;
				LD_RUNPATH_SEARCH_PATHS = (
					"$(inherited)",
					"@executable_path/Frameworks",
				);
				PRODUCT_BUNDLE_IDENTIFIER = test.ann.AnnSample;
				PRODUCT_NAME = "$(TARGET_NAME)";
				SWIFT_VERSION = 5.0;
				TARGETED_DEVICE_FAMILY = "1,2";
			};
			name = Debug;
		};
		95D8CA0325174C2100B7097B /* Release */ = {
			isa = XCBuildConfiguration;
			buildSettings = {
				ASSETCATALOG_COMPILER_APPICON_NAME = AppIcon;
				CODE_SIGN_STYLE = Automatic;
				DEVELOPMENT_TEAM = 52W935AVL3;
				INFOPLIST_FILE = AnnSample/Info.plist;
				LD_RUNPATH_SEARCH_PATHS = (
					"$(inherited)",
					"@executable_path/Frameworks",
				);
				PRODUCT_BUNDLE_IDENTIFIER = test.ann.AnnSample;
				PRODUCT_NAME = "$(TARGET_NAME)";
				SWIFT_VERSION = 5.0;
				TARGETED_DEVICE_FAMILY = "1,2";
			};
			name = Release;
		};
/* End XCBuildConfiguration section */

/* Begin XCConfigurationList section */
		95D8C9E825174C1F00B7097B /* Build configuration list for PBXProject "AnnSample" */ = {
			isa = XCConfigurationList;
			buildConfigurations = (
				95D8C9FF25174C2100B7097B /* Debug */,
				95D8CA0025174C2100B7097B /* Release */,
			);
			defaultConfigurationIsVisible = 0;
			defaultConfigurationName = Release;
		};
		95D8CA0125174C2100B7097B /* Build configuration list for PBXNativeTarget "AnnSample" */ = {
			isa = XCConfigurationList;
			buildConfigurations = (
				95D8CA0225174C2100B7097B /* Debug */,
				95D8CA0325174C2100B7097B /* Release */,
			);
			defaultConfigurationIsVisible = 0;
			defaultConfigurationName = Release;
		};
/* End XCConfigurationList section */
	};
	rootObject = 95D8C9E525174C1F00B7097B /* Project object */;
}
